PODS:
  - AlipaySDK-iOS (15.5.9)
  - AliPayTool (1.0.2):
    - AlipaySDK-iOS
    - LXNOpenSSL
  - LXNOpenSSL (1.0.1)

DEPENDENCIES:
  - AliPayTool (from `../`)

SPEC REPOS:
  https://github.com/cocoapods/specs.git:
    - AlipaySDK-iOS
    - LXNOpenSSL

EXTERNAL SOURCES:
  AliPayTool:
    :path: "../"

SPEC CHECKSUMS:
  AlipaySDK-iOS: 1c5283b30977a24acecc0114662697f7dc78f618
  AliPayTool: 452ee427289fa4fcfa5982247d4a44749976c2d7
  LXNOpenSSL: 59bff34ab82ecf2f1e32d4f537cd95012d66af1b

PODFILE CHECKSUM: 8c42210011165c8efa46e402d81085f1aba1dd2d

COCOAPODS: 1.7.5
